
Microsoft Visual Studio Solution File, Format Version 12.00
# Visual Studio Version 17
VisualStudioVersion = 17.4.33205.214
MinimumVisualStudioVersion = 10.0.40219.1
Project("{FAE04EC0-301F-11D3-BF4B-00C04F79EFBC}") = "CachingWtihRedisDb", "CachingWtihRedisDb\CachingWtihRedisDb.csproj", "{675494B6-47B1-4CC5-BA36-D3284A5345ED}"
EndProject
Global
	GlobalSection(SolutionConfigurationPlatforms) = preSolution
		Debug|Any CPU = Debug|Any CPU
		Release|Any CPU = Release|Any CPU
	EndGlobalSection
	GlobalSection(ProjectConfigurationPlatforms) = postSolution
		{675494B6-47B1-4CC5-BA36-D3284A5345ED}.Debug|Any CPU.ActiveCfg = Debug|Any CPU
		{675494B6-47B1-4CC5-BA36-D3284A5345ED}.Debug|Any CPU.Build.0 = Debug|Any CPU
		{675494B6-47B1-4CC5-BA36-D3284A5345ED}.Release|Any CPU.ActiveCfg = Release|Any CPU
		{675494B6-47B1-4CC5-BA36-D3284A5345ED}.Release|Any CPU.Build.0 = Release|Any CPU
	EndGlobalSection
	GlobalSection(SolutionProperties) = preSolution
		HideSolutionNode = FALSE
	EndGlobalSection
	GlobalSection(ExtensibilityGlobals) = postSolution
		SolutionGuid = {884C3935-0C3A-46C5-BA80-0B880C6D79D2}
	EndGlobalSection
EndGlobal
